// !$*UTF8*$!
{
	archiveVersion = 1;
	classes = {
	};
	objectVersion = 48;
	objects = {

/* Begin PBXBuildFile section */
		04897FF5204FA71D00EC4A9B /* AppDelegate.m in Sources */ = {isa = PBXBuildFile; fileRef = 04897FF4204FA71D00EC4A9B /* AppDelegate.m */; };
		04897FFB204FA71D00EC4A9B /* Main.storyboard in Resources */ = {isa = PBXBuildFile; fileRef = 04897FF9204FA71D00EC4A9B /* Main.storyboard */; };
		04897FFD204FA71D00EC4A9B /* Assets.xcassets in Resources */ = {isa = PBXBuildFile; fileRef = 04897FFC204FA71D00EC4A9B /* Assets.xcassets */; };
		04898000204FA71D00EC4A9B /* LaunchScreen.storyboard in Resources */ = {isa = PBXBuildFile; fileRef = 04897FFE204FA71D00EC4A9B /* LaunchScreen.storyboard */; };
		04898003204FA71D00EC4A9B /* main.m in Sources */ = {isa = PBXBuildFile; fileRef = 04898002204FA71D00EC4A9B /* main.m */; };
		0489800D204FA71D00EC4A9B /* Tam_suTests.m in Sources */ = {isa = PBXBuildFile; fileRef = 0489800C204FA71D00EC4A9B /* Tam_suTests.m */; };
		04898018204FA71D00EC4A9B /* Tam_suUITests.m in Sources */ = {isa = PBXBuildFile; fileRef = 04898017204FA71D00EC4A9B /* Tam_suUITests.m */; };
		04898029204FADAC00EC4A9B /* GoogleService-Info.plist in Resources */ = {isa = PBXBuildFile; fileRef = 04898028204FADAC00EC4A9B /* GoogleService-Info.plist */; };
		0489802E204FD15B00EC4A9B /* UserRegister.m in Sources */ = {isa = PBXBuildFile; fileRef = 0489802D204FD15B00EC4A9B /* UserRegister.m */; };
		04898031204FD16500EC4A9B /* VerifyCode.m in Sources */ = {isa = PBXBuildFile; fileRef = 04898030204FD16500EC4A9B /* VerifyCode.m */; };
		04898036204FD68A00EC4A9B /* MainViewController.m in Sources */ = {isa = PBXBuildFile; fileRef = 04898035204FD68A00EC4A9B /* MainViewController.m */; };
		04898039204FE4C500EC4A9B /* SettingViewController.m in Sources */ = {isa = PBXBuildFile; fileRef = 04898038204FE4C500EC4A9B /* SettingViewController.m */; };
		0489803F204FEF8300EC4A9B /* TabBarController.m in Sources */ = {isa = PBXBuildFile; fileRef = 0489803E204FEF8300EC4A9B /* TabBarController.m */; };
		727299A875D1B4299F46F6A2 /* Pods_Tam_su.framework in Frameworks */ = {isa = PBXBuildFile; fileRef = 787EAF621E0868E6C0D082FB /* Pods_Tam_su.framework */; };
		9C8DBA1A8A018CA86C52BBF9 /* Pods_Tam_suTests.framework in Frameworks */ = {isa = PBXBuildFile; fileRef = 366ABA0FA7ECD8A3E9A7A78B /* Pods_Tam_suTests.framework */; };
		D5813D7AAB67218D61BE20CD /* Pods_Tam_suUITests.framework in Frameworks */ = {isa = PBXBuildFile; fileRef = 7AE366D7CA78A5EDB6D0FEA6 /* Pods_Tam_suUITests.framework */; };
/* End PBXBuildFile section */

/* Begin PBXContainerItemProxy section */
		04898009204FA71D00EC4A9B /* PBXContainerItemProxy */ = {
			isa = PBXContainerItemProxy;
			containerPortal = 04897FE8204FA71C00EC4A9B /* Project object */;
			proxyType = 1;
			remoteGlobalIDString = 04897FEF204FA71D00EC4A9B;
			remoteInfo = Tam_su;
		};
		04898014204FA71D00EC4A9B /* PBXContainerItemProxy */ = {
			isa = PBXContainerItemProxy;
			containerPortal = 04897FE8204FA71C00EC4A9B /* Project object */;
			proxyType = 1;
			remoteGlobalIDString = 04897FEF204FA71D00EC4A9B;
			remoteInfo = Tam_su;
		};
/* End PBXContainerItemProxy section */

/* Begin PBXFileReference section */
		01DCB2A1FB4E837D6BC84E78 /* Pods-Tam_su.debug.xcconfig */ = {isa = PBXFileReference; includeInIndex = 1; lastKnownFileType = text.xcconfig; name = "Pods-Tam_su.debug.xcconfig"; path = "Pods/Target Support Files/Pods-Tam_su/Pods-Tam_su.debug.xcconfig"; sourceTree = "<group>"; };
		04897FF0204FA71D00EC4A9B /* Tam_su.app */ = {isa = PBXFileReference; explicitFileType = wrapper.application; includeInIndex = 0; path = Tam_su.app; sourceTree = BUILT_PRODUCTS_DIR; };
		04897FF3204FA71D00EC4A9B /* AppDelegate.h */ = {isa = PBXFileReference; lastKnownFileType = sourcecode.c.h; path = AppDelegate.h; sourceTree = "<group>"; };
		04897FF4204FA71D00EC4A9B /* AppDelegate.m */ = {isa = PBXFileReference; lastKnownFileType = sourcecode.c.objc; path = AppDelegate.m; sourceTree = "<group>"; };
		04897FFA204FA71D00EC4A9B /* Base */ = {isa = PBXFileReference; lastKnownFileType = file.storyboard; name = Base; path = Base.lproj/Main.storyboard; sourceTree = "<group>"; };
		04897FFC204FA71D00EC4A9B /* Assets.xcassets */ = {isa = PBXFileReference; lastKnownFileType = folder.assetcatalog; path = Assets.xcassets; sourceTree = "<group>"; };
		04897FFF204FA71D00EC4A9B /* Base */ = {isa = PBXFileReference; lastKnownFileType = file.storyboard; name = Base; path = Base.lproj/LaunchScreen.storyboard; sourceTree = "<group>"; };
		04898001204FA71D00EC4A9B /* Info.plist */ = {isa = PBXFileReference; lastKnownFileType = text.plist.xml; path = Info.plist; sourceTree = "<group>"; };
		04898002204FA71D00EC4A9B /* main.m */ = {isa = PBXFileReference; lastKnownFileType = sourcecode.c.objc; path = main.m; sourceTree = "<group>"; };
		04898008204FA71D00EC4A9B /* Tam_suTests.xctest */ = {isa = PBXFileReference; explicitFileType = wrapper.cfbundle; includeInIndex = 0; path = Tam_suTests.xctest; sourceTree = BUILT_PRODUCTS_DIR; };
		0489800C204FA71D00EC4A9B /* Tam_suTests.m */ = {isa = PBXFileReference; lastKnownFileType = sourcecode.c.objc; path = Tam_suTests.m; sourceTree = "<group>"; };
		0489800E204FA71D00EC4A9B /* Info.plist */ = {isa = PBXFileReference; lastKnownFileType = text.plist.xml; path = Info.plist; sourceTree = "<group>"; };
		04898013204FA71D00EC4A9B /* Tam_suUITests.xctest */ = {isa = PBXFileReference; explicitFileType = wrapper.cfbundle; includeInIndex = 0; path = Tam_suUITests.xctest; sourceTree = BUILT_PRODUCTS_DIR; };
		04898017204FA71D00EC4A9B /* Tam_suUITests.m */ = {isa = PBXFileReference; lastKnownFileType = sourcecode.c.objc; path = Tam_suUITests.m; sourceTree = "<group>"; };
		04898019204FA71D00EC4A9B /* Info.plist */ = {isa = PBXFileReference; lastKnownFileType = text.plist.xml; path = Info.plist; sourceTree = "<group>"; };
		04898027204FAD3000EC4A9B /* Tam_su.entitlements */ = {isa = PBXFileReference; lastKnownFileType = text.plist.entitlements; path = Tam_su.entitlements; sourceTree = "<group>"; };
		04898028204FADAC00EC4A9B /* GoogleService-Info.plist */ = {isa = PBXFileReference; fileEncoding = 4; lastKnownFileType = text.plist.xml; path = "GoogleService-Info.plist"; sourceTree = "<group>"; };
		0489802C204FD15B00EC4A9B /* UserRegister.h */ = {isa = PBXFileReference; fileEncoding = 4; lastKnownFileType = sourcecode.c.h; path = UserRegister.h; sourceTree = "<group>"; };
		0489802D204FD15B00EC4A9B /* UserRegister.m */ = {isa = PBXFileReference; fileEncoding = 4; lastKnownFileType = sourcecode.c.objc; path = UserRegister.m; sourceTree = "<group>"; };
		0489802F204FD16500EC4A9B /* VerifyCode.h */ = {isa = PBXFileReference; fileEncoding = 4; lastKnownFileType = sourcecode.c.h; path = VerifyCode.h; sourceTree = "<group>"; };
		04898030204FD16500EC4A9B /* VerifyCode.m */ = {isa = PBXFileReference; fileEncoding = 4; lastKnownFileType = sourcecode.c.objc; path = VerifyCode.m; sourceTree = "<group>"; };
		04898032204FD31600EC4A9B /* Define.h */ = {isa = PBXFileReference; lastKnownFileType = sourcecode.c.h; path = Define.h; sourceTree = "<group>"; };
		04898033204FD39800EC4A9B /* PrefixHeader.pch */ = {isa = PBXFileReference; lastKnownFileType = sourcecode.c.h; path = PrefixHeader.pch; sourceTree = "<group>"; };
		04898034204FD68A00EC4A9B /* MainViewController.h */ = {isa = PBXFileReference; lastKnownFileType = sourcecode.c.h; path = MainViewController.h; sourceTree = "<group>"; };
		04898035204FD68A00EC4A9B /* MainViewController.m */ = {isa = PBXFileReference; lastKnownFileType = sourcecode.c.objc; path = MainViewController.m; sourceTree = "<group>"; };
		04898037204FE4C500EC4A9B /* SettingViewController.h */ = {isa = PBXFileReference; lastKnownFileType = sourcecode.c.h; path = SettingViewController.h; sourceTree = "<group>"; };
		04898038204FE4C500EC4A9B /* SettingViewController.m */ = {isa = PBXFileReference; lastKnownFileType = sourcecode.c.objc; path = SettingViewController.m; sourceTree = "<group>"; };
		0489803D204FEF8300EC4A9B /* TabBarController.h */ = {isa = PBXFileReference; lastKnownFileType = sourcecode.c.h; path = TabBarController.h; sourceTree = "<group>"; };
		0489803E204FEF8300EC4A9B /* TabBarController.m */ = {isa = PBXFileReference; lastKnownFileType = sourcecode.c.objc; path = TabBarController.m; sourceTree = "<group>"; };
		19930DB5D5E1C062B6ED8F56 /* Pods-Tam_suUITests.debug.xcconfig */ = {isa = PBXFileReference; includeInIndex = 1; lastKnownFileType = text.xcconfig; name = "Pods-Tam_suUITests.debug.xcconfig"; path = "Pods/Target Support Files/Pods-Tam_suUITests/Pods-Tam_suUITests.debug.xcconfig"; sourceTree = "<group>"; };
		2994A38583406785BFCAA700 /* Pods-Tam_suTests.debug.xcconfig */ = {isa = PBXFileReference; includeInIndex = 1; lastKnownFileType = text.xcconfig; name = "Pods-Tam_suTests.debug.xcconfig"; path = "Pods/Target Support Files/Pods-Tam_suTests/Pods-Tam_suTests.debug.xcconfig"; sourceTree = "<group>"; };
		366ABA0FA7ECD8A3E9A7A78B /* Pods_Tam_suTests.framework */ = {isa = PBXFileReference; explicitFileType = wrapper.framework; includeInIndex = 0; path = Pods_Tam_suTests.framework; sourceTree = BUILT_PRODUCTS_DIR; };
		5D9969C82FA0038B1CE3BFB2 /* Pods-Tam_suUITests.release.xcconfig */ = {isa = PBXFileReference; includeInIndex = 1; lastKnownFileType = text.xcconfig; name = "Pods-Tam_suUITests.release.xcconfig"; path = "Pods/Target Support Files/Pods-Tam_suUITests/Pods-Tam_suUITests.release.xcconfig"; sourceTree = "<group>"; };
		6B013F3904437A36728D9068 /* Pods-Tam_su.release.xcconfig */ = {isa = PBXFileReference; includeInIndex = 1; lastKnownFileType = text.xcconfig; name = "Pods-Tam_su.release.xcconfig"; path = "Pods/Target Support Files/Pods-Tam_su/Pods-Tam_su.release.xcconfig"; sourceTree = "<group>"; };
		787EAF621E0868E6C0D082FB /* Pods_Tam_su.framework */ = {isa = PBXFileReference; explicitFileType = wrapper.framework; includeInIndex = 0; path = Pods_Tam_su.framework; sourceTree = BUILT_PRODUCTS_DIR; };
		7AE366D7CA78A5EDB6D0FEA6 /* Pods_Tam_suUITests.framework */ = {isa = PBXFileReference; explicitFileType = wrapper.framework; includeInIndex = 0; path = Pods_Tam_suUITests.framework; sourceTree = BUILT_PRODUCTS_DIR; };
		85B008F04A643D8132C1CED9 /* Pods-Tam_suTests.release.xcconfig */ = {isa = PBXFileReference; includeInIndex = 1; lastKnownFileType = text.xcconfig; name = "Pods-Tam_suTests.release.xcconfig"; path = "Pods/Target Support Files/Pods-Tam_suTests/Pods-Tam_suTests.release.xcconfig"; sourceTree = "<group>"; };
/* End PBXFileReference section */

/* Begin PBXFrameworksBuildPhase section */
		04897FED204FA71D00EC4A9B /* Frameworks */ = {
			isa = PBXFrameworksBuildPhase;
			buildActionMask = 2147483647;
			files = (
				727299A875D1B4299F46F6A2 /* Pods_Tam_su.framework in Frameworks */,
			);
			runOnlyForDeploymentPostprocessing = 0;
		};
		04898005204FA71D00EC4A9B /* Frameworks */ = {
			isa = PBXFrameworksBuildPhase;
			buildActionMask = 2147483647;
			files = (
				9C8DBA1A8A018CA86C52BBF9 /* Pods_Tam_suTests.framework in Frameworks */,
			);
			runOnlyForDeploymentPostprocessing = 0;
		};
		04898010204FA71D00EC4A9B /* Frameworks */ = {
			isa = PBXFrameworksBuildPhase;
			buildActionMask = 2147483647;
			files = (
				D5813D7AAB67218D61BE20CD /* Pods_Tam_suUITests.framework in Frameworks */,
			);
			runOnlyForDeploymentPostprocessing = 0;
		};
/* End PBXFrameworksBuildPhase section */

/* Begin PBXGroup section */
		04897FE7204FA71C00EC4A9B = {
			isa = PBXGroup;
			children = (
				04897FF2204FA71D00EC4A9B /* Tam_su */,
				0489800B204FA71D00EC4A9B /* Tam_suTests */,
				04898016204FA71D00EC4A9B /* Tam_suUITests */,
				04897FF1204FA71D00EC4A9B /* Products */,
				6B76FB0BE632470404C63C79 /* Pods */,
				2C83182ECFE3B45B6D487943 /* Frameworks */,
			);
			sourceTree = "<group>";
		};
		04897FF1204FA71D00EC4A9B /* Products */ = {
			isa = PBXGroup;
			children = (
				04897FF0204FA71D00EC4A9B /* Tam_su.app */,
				04898008204FA71D00EC4A9B /* Tam_suTests.xctest */,
				04898013204FA71D00EC4A9B /* Tam_suUITests.xctest */,
			);
			name = Products;
			sourceTree = "<group>";
		};
		04897FF2204FA71D00EC4A9B /* Tam_su */ = {
			isa = PBXGroup;
			children = (
				04898027204FAD3000EC4A9B /* Tam_su.entitlements */,
				04897FF3204FA71D00EC4A9B /* AppDelegate.h */,
				04897FF4204FA71D00EC4A9B /* AppDelegate.m */,
				72EE995B20501C180049A77B /* Controller */,
				04898032204FD31600EC4A9B /* Define.h */,
				04898033204FD39800EC4A9B /* PrefixHeader.pch */,
				04897FF9204FA71D00EC4A9B /* Main.storyboard */,
				04897FFC204FA71D00EC4A9B /* Assets.xcassets */,
				04897FFE204FA71D00EC4A9B /* LaunchScreen.storyboard */,
				04898028204FADAC00EC4A9B /* GoogleService-Info.plist */,
				04898001204FA71D00EC4A9B /* Info.plist */,
				04898002204FA71D00EC4A9B /* main.m */,
			);
			path = Tam_su;
			sourceTree = "<group>";
		};
		0489800B204FA71D00EC4A9B /* Tam_suTests */ = {
			isa = PBXGroup;
			children = (
				0489800C204FA71D00EC4A9B /* Tam_suTests.m */,
				0489800E204FA71D00EC4A9B /* Info.plist */,
			);
			path = Tam_suTests;
			sourceTree = "<group>";
		};
		04898016204FA71D00EC4A9B /* Tam_suUITests */ = {
			isa = PBXGroup;
			children = (
				04898017204FA71D00EC4A9B /* Tam_suUITests.m */,
				04898019204FA71D00EC4A9B /* Info.plist */,
			);
			path = Tam_suUITests;
			sourceTree = "<group>";
		};
		2C83182ECFE3B45B6D487943 /* Frameworks */ = {
			isa = PBXGroup;
			children = (
				787EAF621E0868E6C0D082FB /* Pods_Tam_su.framework */,
				366ABA0FA7ECD8A3E9A7A78B /* Pods_Tam_suTests.framework */,
				7AE366D7CA78A5EDB6D0FEA6 /* Pods_Tam_suUITests.framework */,
			);
			name = Frameworks;
			sourceTree = "<group>";
		};
		6B76FB0BE632470404C63C79 /* Pods */ = {
			isa = PBXGroup;
			children = (
				01DCB2A1FB4E837D6BC84E78 /* Pods-Tam_su.debug.xcconfig */,
				6B013F3904437A36728D9068 /* Pods-Tam_su.release.xcconfig */,
				2994A38583406785BFCAA700 /* Pods-Tam_suTests.debug.xcconfig */,
				85B008F04A643D8132C1CED9 /* Pods-Tam_suTests.release.xcconfig */,
				19930DB5D5E1C062B6ED8F56 /* Pods-Tam_suUITests.debug.xcconfig */,
				5D9969C82FA0038B1CE3BFB2 /* Pods-Tam_suUITests.release.xcconfig */,
			);
			name = Pods;
			sourceTree = "<group>";
		};
		72EE995B20501C180049A77B /* Controller */ = {
			isa = PBXGroup;
			children = (
				0489802C204FD15B00EC4A9B /* UserRegister.h */,
				0489802D204FD15B00EC4A9B /* UserRegister.m */,
				0489802F204FD16500EC4A9B /* VerifyCode.h */,
				04898030204FD16500EC4A9B /* VerifyCode.m */,
				04898034204FD68A00EC4A9B /* MainViewController.h */,
				04898035204FD68A00EC4A9B /* MainViewController.m */,
				04898037204FE4C500EC4A9B /* SettingViewController.h */,
				04898038204FE4C500EC4A9B /* SettingViewController.m */,
				0489803D204FEF8300EC4A9B /* TabBarController.h */,
				0489803E204FEF8300EC4A9B /* TabBarController.m */,
			);
			path = Controller;
			sourceTree = "<group>";
		};
/* End PBXGroup section */

/* Begin PBXNativeTarget section */
		04897FEF204FA71D00EC4A9B /* Tam_su */ = {
			isa = PBXNativeTarget;
			buildConfigurationList = 0489801C204FA71D00EC4A9B /* Build configuration list for PBXNativeTarget "Tam_su" */;
			buildPhases = (
				9B8BF6189A71982E8AE5A180 /* [CP] Check Pods Manifest.lock */,
				04897FEC204FA71D00EC4A9B /* Sources */,
				04897FED204FA71D00EC4A9B /* Frameworks */,
				04897FEE204FA71D00EC4A9B /* Resources */,
				8E10E12B79B6D957A4E4361D /* [CP] Embed Pods Frameworks */,
				36933A4D16DA6E69B9FF59C7 /* [CP] Copy Pods Resources */,
			);
			buildRules = (
			);
			dependencies = (
			);
			name = Tam_su;
			productName = Tam_su;
			productReference = 04897FF0204FA71D00EC4A9B /* Tam_su.app */;
			productType = "com.apple.product-type.application";
		};
		04898007204FA71D00EC4A9B /* Tam_suTests */ = {
			isa = PBXNativeTarget;
			buildConfigurationList = 0489801F204FA71D00EC4A9B /* Build configuration list for PBXNativeTarget "Tam_suTests" */;
			buildPhases = (
				EE1EAE85A5DAB52C92D52281 /* [CP] Check Pods Manifest.lock */,
				04898004204FA71D00EC4A9B /* Sources */,
				04898005204FA71D00EC4A9B /* Frameworks */,
				04898006204FA71D00EC4A9B /* Resources */,
				4BE8729672AA10B84BE583CA /* [CP] Embed Pods Frameworks */,
				E55A873F80C6932DCE844B9C /* [CP] Copy Pods Resources */,
			);
			buildRules = (
			);
			dependencies = (
				0489800A204FA71D00EC4A9B /* PBXTargetDependency */,
			);
			name = Tam_suTests;
			productName = Tam_suTests;
			productReference = 04898008204FA71D00EC4A9B /* Tam_suTests.xctest */;
			productType = "com.apple.product-type.bundle.unit-test";
		};
		04898012204FA71D00EC4A9B /* Tam_suUITests */ = {
			isa = PBXNativeTarget;
			buildConfigurationList = 04898022204FA71D00EC4A9B /* Build configuration list for PBXNativeTarget "Tam_suUITests" */;
			buildPhases = (
				1A565C7F4BB77DB7BEA3AF3F /* [CP] Check Pods Manifest.lock */,
				0489800F204FA71D00EC4A9B /* Sources */,
				04898010204FA71D00EC4A9B /* Frameworks */,
				04898011204FA71D00EC4A9B /* Resources */,
				6695BF94DDFEDFA9B5EF9234 /* [CP] Embed Pods Frameworks */,
				A616726650315B547C12E1CA /* [CP] Copy Pods Resources */,
			);
			buildRules = (
			);
			dependencies = (
				04898015204FA71D00EC4A9B /* PBXTargetDependency */,
			);
			name = Tam_suUITests;
			productName = Tam_suUITests;
			productReference = 04898013204FA71D00EC4A9B /* Tam_suUITests.xctest */;
			productType = "com.apple.product-type.bundle.ui-testing";
		};
/* End PBXNativeTarget section */

/* Begin PBXProject section */
		04897FE8204FA71C00EC4A9B /* Project object */ = {
			isa = PBXProject;
			attributes = {
				LastUpgradeCheck = 0920;
				ORGANIZATIONNAME = MacOS;
				TargetAttributes = {
					04897FEF204FA71D00EC4A9B = {
						CreatedOnToolsVersion = 9.2;
						ProvisioningStyle = Automatic;
						SystemCapabilities = {
							com.apple.BackgroundModes = {
								enabled = 1;
							};
							com.apple.Push = {
								enabled = 1;
							};
						};
					};
					04898007204FA71D00EC4A9B = {
						CreatedOnToolsVersion = 9.2;
						ProvisioningStyle = Automatic;
						TestTargetID = 04897FEF204FA71D00EC4A9B;
					};
					04898012204FA71D00EC4A9B = {
						CreatedOnToolsVersion = 9.2;
						ProvisioningStyle = Automatic;
						TestTargetID = 04897FEF204FA71D00EC4A9B;
					};
				};
			};
			buildConfigurationList = 04897FEB204FA71D00EC4A9B /* Build configuration list for PBXProject "Tam_su" */;
			compatibilityVersion = "Xcode 8.0";
			developmentRegion = en;
			hasScannedForEncodings = 0;
			knownRegions = (
				en,
				Base,
			);
			mainGroup = 04897FE7204FA71C00EC4A9B;
			productRefGroup = 04897FF1204FA71D00EC4A9B /* Products */;
			projectDirPath = "";
			projectRoot = "";
			targets = (
				04897FEF204FA71D00EC4A9B /* Tam_su */,
				04898007204FA71D00EC4A9B /* Tam_suTests */,
				04898012204FA71D00EC4A9B /* Tam_suUITests */,
			);
		};
/* End PBXProject section */

/* Begin PBXResourcesBuildPhase section */
		04897FEE204FA71D00EC4A9B /* Resources */ = {
			isa = PBXResourcesBuildPhase;
			buildActionMask = 2147483647;
			files = (
				04898000204FA71D00EC4A9B /* LaunchScreen.storyboard in Resources */,
				04898029204FADAC00EC4A9B /* GoogleService-Info.plist in Resources */,
				04897FFD204FA71D00EC4A9B /* Assets.xcassets in Resources */,
				04897FFB204FA71D00EC4A9B /* Main.storyboard in Resources */,
			);
			runOnlyForDeploymentPostprocessing = 0;
		};
		04898006204FA71D00EC4A9B /* Resources */ = {
			isa = PBXResourcesBuildPhase;
			buildActionMask = 2147483647;
			files = (
			);
			runOnlyForDeploymentPostprocessing = 0;
		};
		04898011204FA71D00EC4A9B /* Resources */ = {
			isa = PBXResourcesBuildPhase;
			buildActionMask = 2147483647;
			files = (
			);
			runOnlyForDeploymentPostprocessing = 0;
		};
/* End PBXResourcesBuildPhase section */

/* Begin PBXShellScriptBuildPhase section */
		1A565C7F4BB77DB7BEA3AF3F /* [CP] Check Pods Manifest.lock */ = {
			isa = PBXShellScriptBuildPhase;
			buildActionMask = 2147483647;
			files = (
			);
			inputPaths = (
				"${PODS_PODFILE_DIR_PATH}/Podfile.lock",
				"${PODS_ROOT}/Manifest.lock",
			);
			name = "[CP] Check Pods Manifest.lock";
			outputPaths = (
				"$(DERIVED_FILE_DIR)/Pods-Tam_suUITests-checkManifestLockResult.txt",
			);
			runOnlyForDeploymentPostprocessing = 0;
			shellPath = /bin/sh;
			shellScript = "diff \"${PODS_PODFILE_DIR_PATH}/Podfile.lock\" \"${PODS_ROOT}/Manifest.lock\" > /dev/null\nif [ $? != 0 ] ; then\n    # print error to STDERR\n    echo \"error: The sandbox is not in sync with the Podfile.lock. Run 'pod install' or update your CocoaPods installation.\" >&2\n    exit 1\nfi\n# This output is used by Xcode 'outputs' to avoid re-running this script phase.\necho \"SUCCESS\" > \"${SCRIPT_OUTPUT_FILE_0}\"\n";
			showEnvVarsInLog = 0;
		};
		36933A4D16DA6E69B9FF59C7 /* [CP] Copy Pods Resources */ = {
			isa = PBXShellScriptBuildPhase;
			buildActionMask = 2147483647;
			files = (
			);
			inputPaths = (
			);
			name = "[CP] Copy Pods Resources";
			outputPaths = (
			);
			runOnlyForDeploymentPostprocessing = 0;
			shellPath = /bin/sh;
			shellScript = "\"${SRCROOT}/Pods/Target Support Files/Pods-Tam_su/Pods-Tam_su-resources.sh\"\n";
			showEnvVarsInLog = 0;
		};
		4BE8729672AA10B84BE583CA /* [CP] Embed Pods Frameworks */ = {
			isa = PBXShellScriptBuildPhase;
			buildActionMask = 2147483647;
			files = (
			);
			inputPaths = (
			);
			name = "[CP] Embed Pods Frameworks";
			outputPaths = (
			);
			runOnlyForDeploymentPostprocessing = 0;
			shellPath = /bin/sh;
			shellScript = "\"${SRCROOT}/Pods/Target Support Files/Pods-Tam_suTests/Pods-Tam_suTests-frameworks.sh\"\n";
			showEnvVarsInLog = 0;
		};
		6695BF94DDFEDFA9B5EF9234 /* [CP] Embed Pods Frameworks */ = {
			isa = PBXShellScriptBuildPhase;
			buildActionMask = 2147483647;
			files = (
			);
			inputPaths = (
			);
			name = "[CP] Embed Pods Frameworks";
			outputPaths = (
			);
			runOnlyForDeploymentPostprocessing = 0;
			shellPath = /bin/sh;
			shellScript = "\"${SRCROOT}/Pods/Target Support Files/Pods-Tam_suUITests/Pods-Tam_suUITests-frameworks.sh\"\n";
			showEnvVarsInLog = 0;
		};
		8E10E12B79B6D957A4E4361D /* [CP] Embed Pods Frameworks */ = {
			isa = PBXShellScriptBuildPhase;
			buildActionMask = 2147483647;
			files = (
			);
			inputPaths = (
				"${SRCROOT}/Pods/Target Support Files/Pods-Tam_su/Pods-Tam_su-frameworks.sh",
				"${BUILT_PRODUCTS_DIR}/GTMSessionFetcher/GTMSessionFetcher.framework",
				"${BUILT_PRODUCTS_DIR}/GoogleToolboxForMac/GoogleToolboxForMac.framework",
				"${BUILT_PRODUCTS_DIR}/JSQMessagesViewController/JSQMessagesViewController.framework",
				"${BUILT_PRODUCTS_DIR}/JSQSystemSoundPlayer/JSQSystemSoundPlayer.framework",
				"${BUILT_PRODUCTS_DIR}/Protobuf/Protobuf.framework",
				"${BUILT_PRODUCTS_DIR}/XLForm/XLForm.framework",
				"${BUILT_PRODUCTS_DIR}/leveldb-library/leveldb.framework",
				"${BUILT_PRODUCTS_DIR}/nanopb/nanopb.framework",
			);
			name = "[CP] Embed Pods Frameworks";
			outputPaths = (
				"${TARGET_BUILD_DIR}/${FRAMEWORKS_FOLDER_PATH}/GTMSessionFetcher.framework",
				"${TARGET_BUILD_DIR}/${FRAMEWORKS_FOLDER_PATH}/GoogleToolboxForMac.framework",
				"${TARGET_BUILD_DIR}/${FRAMEWORKS_FOLDER_PATH}/JSQMessagesViewController.framework",
				"${TARGET_BUILD_DIR}/${FRAMEWORKS_FOLDER_PATH}/JSQSystemSoundPlayer.framework",
				"${TARGET_BUILD_DIR}/${FRAMEWORKS_FOLDER_PATH}/Protobuf.framework",
				"${TARGET_BUILD_DIR}/${FRAMEWORKS_FOLDER_PATH}/XLForm.framework",
				"${TARGET_BUILD_DIR}/${FRAMEWORKS_FOLDER_PATH}/leveldb.framework",
				"${TARGET_BUILD_DIR}/${FRAMEWORKS_FOLDER_PATH}/nanopb.framework",
			);
			runOnlyForDeploymentPostprocessing = 0;
			shellPath = /bin/sh;
			shellScript = "\"${SRCROOT}/Pods/Target Support Files/Pods-Tam_su/Pods-Tam_su-frameworks.sh\"\n";
			showEnvVarsInLog = 0;
		};
		9B8BF6189A71982E8AE5A180 /* [CP] Check Pods Manifest.lock */ = {
			isa = PBXShellScriptBuildPhase;
			buildActionMask = 2147483647;
			files = (
			);
			inputPaths = (
				"${PODS_PODFILE_DIR_PATH}/Podfile.lock",
				"${PODS_ROOT}/Manifest.lock",
			);
			name = "[CP] Check Pods Manifest.lock";
			outputPaths = (
				"$(DERIVED_FILE_DIR)/Pods-Tam_su-checkManifestLockResult.txt",
			);
			runOnlyForDeploymentPostprocessing = 0;
			shellPath = /bin/sh;
			shellScript = "diff \"${PODS_PODFILE_DIR_PATH}/Podfile.lock\" \"${PODS_ROOT}/Manifest.lock\" > /dev/null\nif [ $? != 0 ] ; then\n    # print error to STDERR\n    echo \"error: The sandbox is not in sync with the Podfile.lock. Run 'pod install' or update your CocoaPods installation.\" >&2\n    exit 1\nfi\n# This output is used by Xcode 'outputs' to avoid re-running this script phase.\necho \"SUCCESS\" > \"${SCRIPT_OUTPUT_FILE_0}\"\n";
			showEnvVarsInLog = 0;
		};
		A616726650315B547C12E1CA /* [CP] Copy Pods Resources */ = {
			isa = PBXShellScriptBuildPhase;
			buildActionMask = 2147483647;
			files = (
			);
			inputPaths = (
			);
			name = "[CP] Copy Pods Resources";
			outputPaths = (
			);
			runOnlyForDeploymentPostprocessing = 0;
			shellPath = /bin/sh;
			shellScript = "\"${SRCROOT}/Pods/Target Support Files/Pods-Tam_suUITests/Pods-Tam_suUITests-resources.sh\"\n";
			showEnvVarsInLog = 0;
		};
		E55A873F80C6932DCE844B9C /* [CP] Copy Pods Resources */ = {
			isa = PBXShellScriptBuildPhase;
			buildActionMask = 2147483647;
			files = (
			);
			inputPaths = (
			);
			name = "[CP] Copy Pods Resources";
			outputPaths = (
			);
			runOnlyForDeploymentPostprocessing = 0;
			shellPath = /bin/sh;
			shellScript = "\"${SRCROOT}/Pods/Target Support Files/Pods-Tam_suTests/Pods-Tam_suTests-resources.sh\"\n";
			showEnvVarsInLog = 0;
		};
		EE1EAE85A5DAB52C92D52281 /* [CP] Check Pods Manifest.lock */ = {
			isa = PBXShellScriptBuildPhase;
			buildActionMask = 2147483647;
			files = (
			);
			inputPaths = (
				"${PODS_PODFILE_DIR_PATH}/Podfile.lock",
				"${PODS_ROOT}/Manifest.lock",
			);
			name = "[CP] Check Pods Manifest.lock";
			outputPaths = (
				"$(DERIVED_FILE_DIR)/Pods-Tam_suTests-checkManifestLockResult.txt",
			);
			runOnlyForDeploymentPostprocessing = 0;
			shellPath = /bin/sh;
			shellScript = "diff \"${PODS_PODFILE_DIR_PATH}/Podfile.lock\" \"${PODS_ROOT}/Manifest.lock\" > /dev/null\nif [ $? != 0 ] ; then\n    # print error to STDERR\n    echo \"error: The sandbox is not in sync with the Podfile.lock. Run 'pod install' or update your CocoaPods installation.\" >&2\n    exit 1\nfi\n# This output is used by Xcode 'outputs' to avoid re-running this script phase.\necho \"SUCCESS\" > \"${SCRIPT_OUTPUT_FILE_0}\"\n";
			showEnvVarsInLog = 0;
		};
/* End PBXShellScriptBuildPhase section */

/* Begin PBXSourcesBuildPhase section */
		04897FEC204FA71D00EC4A9B /* Sources */ = {
			isa = PBXSourcesBuildPhase;
			buildActionMask = 2147483647;
			files = (
				0489803F204FEF8300EC4A9B /* TabBarController.m in Sources */,
				04898031204FD16500EC4A9B /* VerifyCode.m in Sources */,
				0489802E204FD15B00EC4A9B /* UserRegister.m in Sources */,
				04898003204FA71D00EC4A9B /* main.m in Sources */,
				04898036204FD68A00EC4A9B /* MainViewController.m in Sources */,
				04897FF5204FA71D00EC4A9B /* AppDelegate.m in Sources */,
				04898039204FE4C500EC4A9B /* SettingViewController.m in Sources */,
			);
			runOnlyForDeploymentPostprocessing = 0;
		};
		04898004204FA71D00EC4A9B /* Sources */ = {
			isa = PBXSourcesBuildPhase;
			buildActionMask = 2147483647;
			files = (
				0489800D204FA71D00EC4A9B /* Tam_suTests.m in Sources */,
			);
			runOnlyForDeploymentPostprocessing = 0;
		};
		0489800F204FA71D00EC4A9B /* Sources */ = {
			isa = PBXSourcesBuildPhase;
			buildActionMask = 2147483647;
			files = (
				04898018204FA71D00EC4A9B /* Tam_suUITests.m in Sources */,
			);
			runOnlyForDeploymentPostprocessing = 0;
		};
/* End PBXSourcesBuildPhase section */

/* Begin PBXTargetDependency section */
		0489800A204FA71D00EC4A9B /* PBXTargetDependency */ = {
			isa = PBXTargetDependency;
			target = 04897FEF204FA71D00EC4A9B /* Tam_su */;
			targetProxy = 04898009204FA71D00EC4A9B /* PBXContainerItemProxy */;
		};
		04898015204FA71D00EC4A9B /* PBXTargetDependency */ = {
			isa = PBXTargetDependency;
			target = 04897FEF204FA71D00EC4A9B /* Tam_su */;
			targetProxy = 04898014204FA71D00EC4A9B /* PBXContainerItemProxy */;
		};
/* End PBXTargetDependency section */

/* Begin PBXVariantGroup section */
		04897FF9204FA71D00EC4A9B /* Main.storyboard */ = {
			isa = PBXVariantGroup;
			children = (
				04897FFA204FA71D00EC4A9B /* Base */,
			);
			name = Main.storyboard;
			sourceTree = "<group>";
		};
		04897FFE204FA71D00EC4A9B /* LaunchScreen.storyboard */ = {
			isa = PBXVariantGroup;
			children = (
				04897FFF204FA71D00EC4A9B /* Base */,
			);
			name = LaunchScreen.storyboard;
			sourceTree = "<group>";
		};
/* End PBXVariantGroup section */

/* Begin XCBuildConfiguration section */
		0489801A204FA71D00EC4A9B /* Debug */ = {
			isa = XCBuildConfiguration;
			buildSettings = {
				ALWAYS_SEARCH_USER_PATHS = NO;
				CLANG_ANALYZER_NONNULL = YES;
				CLANG_ANALYZER_NUMBER_OBJECT_CONVERSION = YES_AGGRESSIVE;
				CLANG_CXX_LANGUAGE_STANDARD = "gnu++14";
				CLANG_CXX_LIBRARY = "libc++";
				CLANG_ENABLE_MODULES = YES;
				CLANG_ENABLE_OBJC_ARC = YES;
				CLANG_WARN_BLOCK_CAPTURE_AUTORELEASING = YES;
				CLANG_WARN_BOOL_CONVERSION = YES;
				CLANG_WARN_COMMA = YES;
				CLANG_WARN_CONSTANT_CONVERSION = YES;
				CLANG_WARN_DIRECT_OBJC_ISA_USAGE = YES_ERROR;
				CLANG_WARN_DOCUMENTATION_COMMENTS = YES;
				CLANG_WARN_EMPTY_BODY = YES;
				CLANG_WARN_ENUM_CONVERSION = YES;
				CLANG_WARN_INFINITE_RECURSION = YES;
				CLANG_WARN_INT_CONVERSION = YES;
				CLANG_WARN_NON_LITERAL_NULL_CONVERSION = YES;
				CLANG_WARN_OBJC_LITERAL_CONVERSION = YES;
				CLANG_WARN_OBJC_ROOT_CLASS = YES_ERROR;
				CLANG_WARN_RANGE_LOOP_ANALYSIS = YES;
				CLANG_WARN_STRICT_PROTOTYPES = YES;
				CLANG_WARN_SUSPICIOUS_MOVE = YES;
				CLANG_WARN_UNGUARDED_AVAILABILITY = YES_AGGRESSIVE;
				CLANG_WARN_UNREACHABLE_CODE = YES;
				CLANG_WARN__DUPLICATE_METHOD_MATCH = YES;
				CODE_SIGN_IDENTITY = "iPhone Developer";
				COPY_PHASE_STRIP = NO;
				DEBUG_INFORMATION_FORMAT = dwarf;
				ENABLE_STRICT_OBJC_MSGSEND = YES;
				ENABLE_TESTABILITY = YES;
				GCC_C_LANGUAGE_STANDARD = gnu11;
				GCC_DYNAMIC_NO_PIC = NO;
				GCC_NO_COMMON_BLOCKS = YES;
				GCC_OPTIMIZATION_LEVEL = 0;
				GCC_PREPROCESSOR_DEFINITIONS = (
					"DEBUG=1",
					"$(inherited)",
				);
				GCC_WARN_64_TO_32_BIT_CONVERSION = YES;
				GCC_WARN_ABOUT_RETURN_TYPE = YES_ERROR;
				GCC_WARN_UNDECLARED_SELECTOR = YES;
				GCC_WARN_UNINITIALIZED_AUTOS = YES_AGGRESSIVE;
				GCC_WARN_UNUSED_FUNCTION = YES;
				GCC_WARN_UNUSED_VARIABLE = YES;
				IPHONEOS_DEPLOYMENT_TARGET = 11.2;
				MTL_ENABLE_DEBUG_INFO = YES;
				ONLY_ACTIVE_ARCH = YES;
				SDKROOT = iphoneos;
			};
			name = Debug;
		};
		0489801B204FA71D00EC4A9B /* Release */ = {
			isa = XCBuildConfiguration;
			buildSettings = {
				ALWAYS_SEARCH_USER_PATHS = NO;
				CLANG_ANALYZER_NONNULL = YES;
				CLANG_ANALYZER_NUMBER_OBJECT_CONVERSION = YES_AGGRESSIVE;
				CLANG_CXX_LANGUAGE_STANDARD = "gnu++14";
				CLANG_CXX_LIBRARY = "libc++";
				CLANG_ENABLE_MODULES = YES;
				CLANG_ENABLE_OBJC_ARC = YES;
				CLANG_WARN_BLOCK_CAPTURE_AUTORELEASING = YES;
				CLANG_WARN_BOOL_CONVERSION = YES;
				CLANG_WARN_COMMA = YES;
				CLANG_WARN_CONSTANT_CONVERSION = YES;
				CLANG_WARN_DIRECT_OBJC_ISA_USAGE = YES_ERROR;
				CLANG_WARN_DOCUMENTATION_COMMENTS = YES;
				CLANG_WARN_EMPTY_BODY = YES;
				CLANG_WARN_ENUM_CONVERSION = YES;
				CLANG_WARN_INFINITE_RECURSION = YES;
				CLANG_WARN_INT_CONVERSION = YES;
				CLANG_WARN_NON_LITERAL_NULL_CONVERSION = YES;
				CLANG_WARN_OBJC_LITERAL_CONVERSION = YES;
				CLANG_WARN_OBJC_ROOT_CLASS = YES_ERROR;
				CLANG_WARN_RANGE_LOOP_ANALYSIS = YES;
				CLANG_WARN_STRICT_PROTOTYPES = YES;
				CLANG_WARN_SUSPICIOUS_MOVE = YES;
				CLANG_WARN_UNGUARDED_AVAILABILITY = YES_AGGRESSIVE;
				CLANG_WARN_UNREACHABLE_CODE = YES;
				CLANG_WARN__DUPLICATE_METHOD_MATCH = YES;
				CODE_SIGN_IDENTITY = "iPhone Developer";
				COPY_PHASE_STRIP = NO;
				DEBUG_INFORMATION_FORMAT = "dwarf-with-dsym";
				ENABLE_NS_ASSERTIONS = NO;
				ENABLE_STRICT_OBJC_MSGSEND = YES;
				GCC_C_LANGUAGE_STANDARD = gnu11;
				GCC_NO_COMMON_BLOCKS = YES;
				GCC_WARN_64_TO_32_BIT_CONVERSION = YES;
				GCC_WARN_ABOUT_RETURN_TYPE = YES_ERROR;
				GCC_WARN_UNDECLARED_SELECTOR = YES;
				GCC_WARN_UNINITIALIZED_AUTOS = YES_AGGRESSIVE;
				GCC_WARN_UNUSED_FUNCTION = YES;
				GCC_WARN_UNUSED_VARIABLE = YES;
				IPHONEOS_DEPLOYMENT_TARGET = 11.2;
				MTL_ENABLE_DEBUG_INFO = NO;
				SDKROOT = iphoneos;
				VALIDATE_PRODUCT = YES;
			};
			name = Release;
		};
		0489801D204FA71D00EC4A9B /* Debug */ = {
			isa = XCBuildConfiguration;
			baseConfigurationReference = 01DCB2A1FB4E837D6BC84E78 /* Pods-Tam_su.debug.xcconfig */;
			buildSettings = {
				ASSETCATALOG_COMPILER_APPICON_NAME = AppIcon;
				CODE_SIGN_ENTITLEMENTS = Tam_su/Tam_su.entitlements;
				CODE_SIGN_STYLE = Automatic;
				DEVELOPMENT_TEAM = 988D2L6XZT;
				GCC_PRECOMPILE_PREFIX_HEADER = YES;
				GCC_PREFIX_HEADER = "$(SRCROOT)/$(PROJECT_NAME)/PrefixHeader.pch";
				INFOPLIST_FILE = Tam_su/Info.plist;
				IPHONEOS_DEPLOYMENT_TARGET = 10.0;
				LD_RUNPATH_SEARCH_PATHS = "$(inherited) @executable_path/Frameworks";
				PRODUCT_BUNDLE_IDENTIFIER = com.lightstudio.tamsu;
				PRODUCT_NAME = "$(TARGET_NAME)";
				TARGETED_DEVICE_FAMILY = "1,2";
			};
			name = Debug;
		};
		0489801E204FA71D00EC4A9B /* Release */ = {
			isa = XCBuildConfiguration;
			baseConfigurationReference = 6B013F3904437A36728D9068 /* Pods-Tam_su.release.xcconfig */;
			buildSettings = {
				ASSETCATALOG_COMPILER_APPICON_NAME = AppIcon;
				CODE_SIGN_ENTITLEMENTS = Tam_su/Tam_su.entitlements;
				CODE_SIGN_STYLE = Automatic;
				DEVELOPMENT_TEAM = 988D2L6XZT;
				GCC_PRECOMPILE_PREFIX_HEADER = YES;
				GCC_PREFIX_HEADER = "$(SRCROOT)/$(PROJECT_NAME)/PrefixHeader.pch";
				INFOPLIST_FILE = Tam_su/Info.plist;
				IPHONEOS_DEPLOYMENT_TARGET = 10.0;
				LD_RUNPATH_SEARCH_PATHS = "$(inherited) @executable_path/Frameworks";
				PRODUCT_BUNDLE_IDENTIFIER = com.lightstudio.tamsu;
				PRODUCT_NAME = "$(TARGET_NAME)";
				TARGETED_DEVICE_FAMILY = "1,2";
			};
			name = Release;
		};
		04898020204FA71D00EC4A9B /* Debug */ = {
			isa = XCBuildConfiguration;
			baseConfigurationReference = 2994A38583406785BFCAA700 /* Pods-Tam_suTests.debug.xcconfig */;
			buildSettings = {
				BUNDLE_LOADER = "$(TEST_HOST)";
				CODE_SIGN_STYLE = Automatic;
				DEVELOPMENT_TEAM = 988D2L6XZT;
				INFOPLIST_FILE = Tam_suTests/Info.plist;
				LD_RUNPATH_SEARCH_PATHS = "$(inherited) @executable_path/Frameworks @loader_path/Frameworks";
				PRODUCT_BUNDLE_IDENTIFIER = "Mobilefolk.Tam-suTests";
				PRODUCT_NAME = "$(TARGET_NAME)";
				TARGETED_DEVICE_FAMILY = "1,2";
				TEST_HOST = "$(BUILT_PRODUCTS_DIR)/Tam_su.app/Tam_su";
			};
			name = Debug;
		};
		04898021204FA71D00EC4A9B /* Release */ = {
			isa = XCBuildConfiguration;
			baseConfigurationReference = 85B008F04A643D8132C1CED9 /* Pods-Tam_suTests.release.xcconfig */;
			buildSettings = {
				BUNDLE_LOADER = "$(TEST_HOST)";
				CODE_SIGN_STYLE = Automatic;
				DEVELOPMENT_TEAM = 988D2L6XZT;
				INFOPLIST_FILE = Tam_suTests/Info.plist;
				LD_RUNPATH_SEARCH_PATHS = "$(inherited) @executable_path/Frameworks @loader_path/Frameworks";
				PRODUCT_BUNDLE_IDENTIFIER = "Mobilefolk.Tam-suTests";
				PRODUCT_NAME = "$(TARGET_NAME)";
				TARGETED_DEVICE_FAMILY = "1,2";
				TEST_HOST = "$(BUILT_PRODUCTS_DIR)/Tam_su.app/Tam_su";
			};
			name = Release;
		};
		04898023204FA71D00EC4A9B /* Debug */ = {
			isa = XCBuildConfiguration;
			baseConfigurationReference = 19930DB5D5E1C062B6ED8F56 /* Pods-Tam_suUITests.debug.xcconfig */;
			buildSettings = {
				CODE_SIGN_STYLE = Automatic;
				DEVELOPMENT_TEAM = 988D2L6XZT;
				INFOPLIST_FILE = Tam_suUITests/Info.plist;
				LD_RUNPATH_SEARCH_PATHS = "$(inherited) @executable_path/Frameworks @loader_path/Frameworks";
				PRODUCT_BUNDLE_IDENTIFIER = "Mobilefolk.Tam-suUITests";
				PRODUCT_NAME = "$(TARGET_NAME)";
				TARGETED_DEVICE_FAMILY = "1,2";
				TEST_TARGET_NAME = Tam_su;
			};
			name = Debug;
		};
		04898024204FA71D00EC4A9B /* Release */ = {
			isa = XCBuildConfiguration;
			baseConfigurationReference = 5D9969C82FA0038B1CE3BFB2 /* Pods-Tam_suUITests.release.xcconfig */;
			buildSettings = {
				CODE_SIGN_STYLE = Automatic;
				DEVELOPMENT_TEAM = 988D2L6XZT;
				INFOPLIST_FILE = Tam_suUITests/Info.plist;
				LD_RUNPATH_SEARCH_PATHS = "$(inherited) @executable_path/Frameworks @loader_path/Frameworks";
				PRODUCT_BUNDLE_IDENTIFIER = "Mobilefolk.Tam-suUITests";
				PRODUCT_NAME = "$(TARGET_NAME)";
				TARGETED_DEVICE_FAMILY = "1,2";
				TEST_TARGET_NAME = Tam_su;
			};
			name = Release;
		};
/* End XCBuildConfiguration section */

/* Begin XCConfigurationList section */
		04897FEB204FA71D00EC4A9B /* Build configuration list for PBXProject "Tam_su" */ = {
			isa = XCConfigurationList;
			buildConfigurations = (
				0489801A204FA71D00EC4A9B /* Debug */,
				0489801B204FA71D00EC4A9B /* Release */,
			);
			defaultConfigurationIsVisible = 0;
			defaultConfigurationName = Release;
		};
		0489801C204FA71D00EC4A9B /* Build configuration list for PBXNativeTarget "Tam_su" */ = {
			isa = XCConfigurationList;
			buildConfigurations = (
				0489801D204FA71D00EC4A9B /* Debug */,
				0489801E204FA71D00EC4A9B /* Release */,
			);
			defaultConfigurationIsVisible = 0;
			defaultConfigurationName = Release;
		};
		0489801F204FA71D00EC4A9B /* Build configuration list for PBXNativeTarget "Tam_suTests" */ = {
			isa = XCConfigurationList;
			buildConfigurations = (
				04898020204FA71D00EC4A9B /* Debug */,
				04898021204FA71D00EC4A9B /* Release */,
			);
			defaultConfigurationIsVisible = 0;
			defaultConfigurationName = Release;
		};
		04898022204FA71D00EC4A9B /* Build configuration list for PBXNativeTarget "Tam_suUITests" */ = {
			isa = XCConfigurationList;
			buildConfigurations = (
				04898023204FA71D00EC4A9B /* Debug */,
				04898024204FA71D00EC4A9B /* Release */,
			);
			defaultConfigurationIsVisible = 0;
			defaultConfigurationName = Release;
		};
/* End XCConfigurationList section */
	};
	rootObject = 04897FE8204FA71C00EC4A9B /* Project object */;
}
